
Microsoft Visual Studio Solution File, Format Version 12.00
# Visual Studio Version 17
VisualStudioVersion = 17.7.34221.43
MinimumVisualStudioVersion = 10.0.40219.1
Project("{9A19103F-16F7-4668-BE54-9A1E7A4F7556}") = "Pastebin", "Pastebin\Pastebin.csproj", "{64998770-3FCA-43ED-9021-5A71C36E06F9}"
EndProject
Project("{E53339B2-1760-4266-BCC7-CA923CBCF16C}") = "docker-compose", "docker-compose.dcproj", "{747B4F74-224D-4714-9B18-EBBAC2A66D94}"
EndProject
Global
	GlobalSection(SolutionConfigurationPlatforms) = preSolution
		Debug|Any CPU = Debug|Any CPU
		Release|Any CPU = Release|Any CPU
	EndGlobalSection
	GlobalSection(ProjectConfigurationPlatforms) = postSolution
		{64998770-3FCA-43ED-9021-5A71C36E06F9}.Debug|Any CPU.ActiveCfg = Debug|Any CPU
		{64998770-3FCA-43ED-9021-5A71C36E06F9}.Debug|Any CPU.Build.0 = Debug|Any CPU
		{64998770-3FCA-43ED-9021-5A71C36E06F9}.Release|Any CPU.ActiveCfg = Release|Any CPU
		{64998770-3FCA-43ED-9021-5A71C36E06F9}.Release|Any CPU.Build.0 = Release|Any CPU
		{747B4F74-224D-4714-9B18-EBBAC2A66D94}.Debug|Any CPU.ActiveCfg = Debug|Any CPU
		{747B4F74-224D-4714-9B18-EBBAC2A66D94}.Debug|Any CPU.Build.0 = Debug|Any CPU
		{747B4F74-224D-4714-9B18-EBBAC2A66D94}.Release|Any CPU.ActiveCfg = Release|Any CPU
		{747B4F74-224D-4714-9B18-EBBAC2A66D94}.Release|Any CPU.Build.0 = Release|Any CPU
	EndGlobalSection
	GlobalSection(SolutionProperties) = preSolution
		HideSolutionNode = FALSE
	EndGlobalSection
EndGlobal
